
Microsoft Visual Studio Solution File, Format Version 12.00
# Visual Studio Version 17
VisualStudioVersion = 17.4.33213.308
MinimumVisualStudioVersion = 10.0.40219.1
Project("{FAE04EC0-301F-11D3-BF4B-00C04F79EFBC}") = "ToursApp", "ToursApp\ToursApp.csproj", "{1A1A409A-98B3-4FE9-ACC3-827ACBD8AF49}"
EndProject
Global
	GlobalSection(SolutionConfigurationPlatforms) = preSolution
		Debug|Any CPU = Debug|Any CPU
		Release|Any CPU = Release|Any CPU
	EndGlobalSection
	GlobalSection(ProjectConfigurationPlatforms) = postSolution
		{1A1A409A-98B3-4FE9-ACC3-827ACBD8AF49}.Debug|Any CPU.ActiveCfg = Debug|Any CPU
		{1A1A409A-98B3-4FE9-ACC3-827ACBD8AF49}.Debug|Any CPU.Build.0 = Debug|Any CPU
		{1A1A409A-98B3-4FE9-ACC3-827ACBD8AF49}.Release|Any CPU.ActiveCfg = Release|Any CPU
		{1A1A409A-98B3-4FE9-ACC3-827ACBD8AF49}.Release|Any CPU.Build.0 = Release|Any CPU
	EndGlobalSection
	GlobalSection(SolutionProperties) = preSolution
		HideSolutionNode = FALSE
	EndGlobalSection
	GlobalSection(ExtensibilityGlobals) = postSolution
		SolutionGuid = {610CE767-436A-465C-AA2F-6C844148C731}
	EndGlobalSection
EndGlobal
